
Microsoft Visual Studio Solution File, Format Version 12.00
# Visual Studio Version 17
VisualStudioVersion = 17.5.33516.290
MinimumVisualStudioVersion = 10.0.40219.1
Project("{9A19103F-16F7-4668-BE54-9A1E7A4F7556}") = "AppMonederoCommand.Utils", "AppMonederoCommand.Utils\AppMonederoCommand.Utils.csproj", "{80213216-3FAC-4DCD-BBC9-77AA7BD1D71B}"
EndProject
Project("{9A19103F-16F7-4668-BE54-9A1E7A4F7556}") = "AppMonederoCommand.Services", "AppMonederoCommand.Services\AppMonederoCommand.Services.csproj", "{4DEA694F-6329-44F8-B07A-70FF579EF9AC}"
EndProject
Project("{9A19103F-16F7-4668-BE54-9A1E7A4F7556}") = "AppMonederoCommand.Entities", "AppMonederoCommand.Entities\AppMonederoCommand.Entities.csproj", "{449765FB-5313-46DF-90DE-A9F503667572}"
EndProject
Project("{9A19103F-16F7-4668-BE54-9A1E7A4F7556}") = "AppMonederoCommand.Business", "AppMonederoCommand.Business\AppMonederoCommand.Business.csproj", "{F48B2AAE-D9E3-4FBD-9C31-B41715249172}"
EndProject
Project("{9A19103F-16F7-4668-BE54-9A1E7A4F7556}") = "AppMonederoCommand.Data", "AppMonederoCommand.Data\AppMonederoCommand.Data.csproj", "{F711EC1F-8E5E-47F6-9176-E43CF9329AC6}"
EndProject
Project("{9A19103F-16F7-4668-BE54-9A1E7A4F7556}") = "AppMonederoCommand.Api", "AppMonederoCommand\AppMonederoCommand.Api.csproj", "{E5138EF6-AF25-457F-9940-3A0226829D3F}"
EndProject
Global
	GlobalSection(SolutionConfigurationPlatforms) = preSolution
		Debug|Any CPU = Debug|Any CPU
		Release|Any CPU = Release|Any CPU
	EndGlobalSection
	GlobalSection(ProjectConfigurationPlatforms) = postSolution
		{80213216-3FAC-4DCD-BBC9-77AA7BD1D71B}.Debug|Any CPU.ActiveCfg = Debug|Any CPU
		{80213216-3FAC-4DCD-BBC9-77AA7BD1D71B}.Debug|Any CPU.Build.0 = Debug|Any CPU
		{80213216-3FAC-4DCD-BBC9-77AA7BD1D71B}.Release|Any CPU.ActiveCfg = Release|Any CPU
		{80213216-3FAC-4DCD-BBC9-77AA7BD1D71B}.Release|Any CPU.Build.0 = Release|Any CPU
		{4DEA694F-6329-44F8-B07A-70FF579EF9AC}.Debug|Any CPU.ActiveCfg = Debug|Any CPU
		{4DEA694F-6329-44F8-B07A-70FF579EF9AC}.Debug|Any CPU.Build.0 = Debug|Any CPU
		{4DEA694F-6329-44F8-B07A-70FF579EF9AC}.Release|Any CPU.ActiveCfg = Release|Any CPU
		{4DEA694F-6329-44F8-B07A-70FF579EF9AC}.Release|Any CPU.Build.0 = Release|Any CPU
		{449765FB-5313-46DF-90DE-A9F503667572}.Debug|Any CPU.ActiveCfg = Debug|Any CPU
		{449765FB-5313-46DF-90DE-A9F503667572}.Debug|Any CPU.Build.0 = Debug|Any CPU
		{449765FB-5313-46DF-90DE-A9F503667572}.Release|Any CPU.ActiveCfg = Release|Any CPU
		{449765FB-5313-46DF-90DE-A9F503667572}.Release|Any CPU.Build.0 = Release|Any CPU
		{F48B2AAE-D9E3-4FBD-9C31-B41715249172}.Debug|Any CPU.ActiveCfg = Debug|Any CPU
		{F48B2AAE-D9E3-4FBD-9C31-B41715249172}.Debug|Any CPU.Build.0 = Debug|Any CPU
		{F48B2AAE-D9E3-4FBD-9C31-B41715249172}.Release|Any CPU.ActiveCfg = Release|Any CPU
		{F48B2AAE-D9E3-4FBD-9C31-B41715249172}.Release|Any CPU.Build.0 = Release|Any CPU
		{F711EC1F-8E5E-47F6-9176-E43CF9329AC6}.Debug|Any CPU.ActiveCfg = Debug|Any CPU
		{F711EC1F-8E5E-47F6-9176-E43CF9329AC6}.Debug|Any CPU.Build.0 = Debug|Any CPU
		{F711EC1F-8E5E-47F6-9176-E43CF9329AC6}.Release|Any CPU.ActiveCfg = Release|Any CPU
		{F711EC1F-8E5E-47F6-9176-E43CF9329AC6}.Release|Any CPU.Build.0 = Release|Any CPU
		{E5138EF6-AF25-457F-9940-3A0226829D3F}.Debug|Any CPU.ActiveCfg = Debug|Any CPU
		{E5138EF6-AF25-457F-9940-3A0226829D3F}.Debug|Any CPU.Build.0 = Debug|Any CPU
		{E5138EF6-AF25-457F-9940-3A0226829D3F}.Release|Any CPU.ActiveCfg = Release|Any CPU
		{E5138EF6-AF25-457F-9940-3A0226829D3F}.Release|Any CPU.Build.0 = Release|Any CPU
	EndGlobalSection
	GlobalSection(SolutionProperties) = preSolution
		HideSolutionNode = FALSE
	EndGlobalSection
	GlobalSection(ExtensibilityGlobals) = postSolution
		SolutionGuid = {2BCC30B0-5319-4D94-9E09-585E6FA6C6F2}
	EndGlobalSection
EndGlobal
