
Microsoft Visual Studio Solution File, Format Version 12.00
# Visual Studio Version 16
VisualStudioVersion = 25.0.1706.12
MinimumVisualStudioVersion = 10.0.40219.1
Project("{FAE04EC0-301F-11D3-BF4B-00C04F79EFBC}") = "AppService.Entities", "AppService.Entities.csproj", "{08261B7C-5680-4AEC-A3BE-A1DF5091B7B9}"
EndProject
Global
	GlobalSection(SolutionConfigurationPlatforms) = preSolution
		Debug|Any CPU = Debug|Any CPU
		Release|Any CPU = Release|Any CPU
	EndGlobalSection
	GlobalSection(ProjectConfigurationPlatforms) = postSolution
		{08261B7C-5680-4AEC-A3BE-A1DF5091B7B9}.Debug|Any CPU.ActiveCfg = Debug|Any CPU
		{08261B7C-5680-4AEC-A3BE-A1DF5091B7B9}.Debug|Any CPU.Build.0 = Debug|Any CPU
		{08261B7C-5680-4AEC-A3BE-A1DF5091B7B9}.Release|Any CPU.ActiveCfg = Release|Any CPU
		{08261B7C-5680-4AEC-A3BE-A1DF5091B7B9}.Release|Any CPU.Build.0 = Release|Any CPU
	EndGlobalSection
	GlobalSection(SolutionProperties) = preSolution
		HideSolutionNode = FALSE
	EndGlobalSection
	GlobalSection(ExtensibilityGlobals) = postSolution
		SolutionGuid = {F9038054-A3D4-4931-9EA7-0B0784E6DB16}
	EndGlobalSection
EndGlobal
